// !$*UTF8*$!
{
	archiveVersion = 1;
	classes = {
	};
	objectVersion = 46;
	objects = {

/* Begin PBXBuildFile section */
		5657DE3B164B120D00781CEF /* UIKit.framework in Frameworks */ = {isa = PBXBuildFile; fileRef = 5657DE3A164B120D00781CEF /* UIKit.framework */; };
		5657DE3D164B120D00781CEF /* Foundation.framework in Frameworks */ = {isa = PBXBuildFile; fileRef = 5657DE3C164B120D00781CEF /* Foundation.framework */; };
		5657DE3F164B120D00781CEF /* CoreGraphics.framework in Frameworks */ = {isa = PBXBuildFile; fileRef = 5657DE3E164B120D00781CEF /* CoreGraphics.framework */; };
		5657DE45164B120D00781CEF /* InfoPlist.strings in Resources */ = {isa = PBXBuildFile; fileRef = 5657DE43164B120D00781CEF /* InfoPlist.strings */; };
		5657DE47164B120D00781CEF /* main.m in Sources */ = {isa = PBXBuildFile; fileRef = 5657DE46164B120D00781CEF /* main.m */; };
		5657DE4B164B120D00781CEF /* RTAppDelegate.m in Sources */ = {isa = PBXBuildFile; fileRef = 5657DE4A164B120D00781CEF /* RTAppDelegate.m */; };
/* End PBXBuildFile section */

/* Begin PBXFileReference section */
		5657DE36164B120D00781CEF /* RoadTrip.app */ = {isa = PBXFileReference; explicitFileType = wrapper.application; includeInIndex = 0; path = RoadTrip.app; sourceTree = BUILT_PRODUCTS_DIR; };
		5657DE3A164B120D00781CEF /* UIKit.framework */ = {isa = PBXFileReference; lastKnownFileType = wrapper.framework; name = UIKit.framework; path = System/Library/Frameworks/UIKit.framework; sourceTree = SDKROOT; };
		5657DE3C164B120D00781CEF /* Foundation.framework */ = {isa = PBXFileReference; lastKnownFileType = wrapper.framework; name = Foundation.framework; path = System/Library/Frameworks/Foundation.framework; sourceTree = SDKROOT; };
		5657DE3E164B120D00781CEF /* CoreGraphics.framework */ = {isa = PBXFileReference; lastKnownFileType = wrapper.framework; name = CoreGraphics.framework; path = System/Library/Frameworks/CoreGraphics.framework; sourceTree = SDKROOT; };
		5657DE42164B120D00781CEF /* RoadTrip-Info.plist */ = {isa = PBXFileReference; lastKnownFileType = text.plist.xml; path = "RoadTrip-Info.plist"; sourceTree = "<group>"; };
		5657DE44164B120D00781CEF /* en */ = {isa = PBXFileReference; lastKnownFileType = text.plist.strings; name = en; path = en.lproj/InfoPlist.strings; sourceTree = "<group>"; };
		5657DE46164B120D00781CEF /* main.m */ = {isa = PBXFileReference; lastKnownFileType = sourcecode.c.objc; path = main.m; sourceTree = "<group>"; };
		5657DE48164B120D00781CEF /* RoadTrip-Prefix.pch */ = {isa = PBXFileReference; lastKnownFileType = sourcecode.c.h; path = "RoadTrip-Prefix.pch"; sourceTree = "<group>"; };
		5657DE49164B120D00781CEF /* RTAppDelegate.h */ = {isa = PBXFileReference; lastKnownFileType = sourcecode.c.h; path = RTAppDelegate.h; sourceTree = "<group>"; };
		5657DE4A164B120D00781CEF /* RTAppDelegate.m */ = {isa = PBXFileReference; lastKnownFileType = sourcecode.c.objc; path = RTAppDelegate.m; sourceTree = "<group>"; };
/* End PBXFileReference section */

/* Begin PBXFrameworksBuildPhase section */
		5657DE33164B120D00781CEF /* Frameworks */ = {
			isa = PBXFrameworksBuildPhase;
			buildActionMask = 2147483647;
			files = (
				5657DE3B164B120D00781CEF /* UIKit.framework in Frameworks */,
				5657DE3D164B120D00781CEF /* Foundation.framework in Frameworks */,
				5657DE3F164B120D00781CEF /* CoreGraphics.framework in Frameworks */,
			);
			runOnlyForDeploymentPostprocessing = 0;
		};
/* End PBXFrameworksBuildPhase section */

/* Begin PBXGroup section */
		5657DE2B164B120D00781CEF = {
			isa = PBXGroup;
			children = (
				5657DE40164B120D00781CEF /* RoadTrip */,
				5657DE39164B120D00781CEF /* Frameworks */,
				5657DE37164B120D00781CEF /* Products */,
			);
			sourceTree = "<group>";
		};
		5657DE37164B120D00781CEF /* Products */ = {
			isa = PBXGroup;
			children = (
				5657DE36164B120D00781CEF /* RoadTrip.app */,
			);
			name = Products;
			sourceTree = "<group>";
		};
		5657DE39164B120D00781CEF /* Frameworks */ = {
			isa = PBXGroup;
			children = (
				5657DE3A164B120D00781CEF /* UIKit.framework */,
				5657DE3C164B120D00781CEF /* Foundation.framework */,
				5657DE3E164B120D00781CEF /* CoreGraphics.framework */,
			);
			name = Frameworks;
			sourceTree = "<group>";
		};
		5657DE40164B120D00781CEF /* RoadTrip */ = {
			isa = PBXGroup;
			children = (
				5657DE49164B120D00781CEF /* RTAppDelegate.h */,
				5657DE4A164B120D00781CEF /* RTAppDelegate.m */,
				5657DE41164B120D00781CEF /* Supporting Files */,
			);
			path = RoadTrip;
			sourceTree = "<group>";
		};
		5657DE41164B120D00781CEF /* Supporting Files */ = {
			isa = PBXGroup;
			children = (
				5657DE42164B120D00781CEF /* RoadTrip-Info.plist */,
				5657DE43164B120D00781CEF /* InfoPlist.strings */,
				5657DE46164B120D00781CEF /* main.m */,
				5657DE48164B120D00781CEF /* RoadTrip-Prefix.pch */,
			);
			name = "Supporting Files";
			sourceTree = "<group>";
		};
/* End PBXGroup section */

/* Begin PBXNativeTarget section */
		5657DE35164B120D00781CEF /* RoadTrip */ = {
			isa = PBXNativeTarget;
			buildConfigurationList = 5657DE4E164B120D00781CEF /* Build configuration list for PBXNativeTarget "RoadTrip" */;
			buildPhases = (
				5657DE32164B120D00781CEF /* Sources */,
				5657DE33164B120D00781CEF /* Frameworks */,
				5657DE34164B120D00781CEF /* Resources */,
			);
			buildRules = (
			);
			dependencies = (
			);
			name = RoadTrip;
			productName = RoadTrip;
			productReference = 5657DE36164B120D00781CEF /* RoadTrip.app */;
			productType = "com.apple.product-type.application";
		};
/* End PBXNativeTarget section */

/* Begin PBXProject section */
		5657DE2D164B120D00781CEF /* Project object */ = {
			isa = PBXProject;
			attributes = {
				CLASSPREFIX = RT;
				LastUpgradeCheck = 0440;
				ORGANIZATIONNAME = "Sara Pendleton Strickler";
			};
			buildConfigurationList = 5657DE30164B120D00781CEF /* Build configuration list for PBXProject "RoadTrip" */;
			compatibilityVersion = "Xcode 3.2";
			developmentRegion = English;
			hasScannedForEncodings = 0;
			knownRegions = (
				en,
			);
			mainGroup = 5657DE2B164B120D00781CEF;
			productRefGroup = 5657DE37164B120D00781CEF /* Products */;
			projectDirPath = "";
			projectRoot = "";
			targets = (
				5657DE35164B120D00781CEF /* RoadTrip */,
			);
		};
/* End PBXProject section */

/* Begin PBXResourcesBuildPhase section */
		5657DE34164B120D00781CEF /* Resources */ = {
			isa = PBXResourcesBuildPhase;
			buildActionMask = 2147483647;
			files = (
				5657DE45164B120D00781CEF /* InfoPlist.strings in Resources */,
			);
			runOnlyForDeploymentPostprocessing = 0;
		};
/* End PBXResourcesBuildPhase section */

/* Begin PBXSourcesBuildPhase section */
		5657DE32164B120D00781CEF /* Sources */ = {
			isa = PBXSourcesBuildPhase;
			buildActionMask = 2147483647;
			files = (
				5657DE47164B120D00781CEF /* main.m in Sources */,
				5657DE4B164B120D00781CEF /* RTAppDelegate.m in Sources */,
			);
			runOnlyForDeploymentPostprocessing = 0;
		};
/* End PBXSourcesBuildPhase section */

/* Begin PBXVariantGroup section */
		5657DE43164B120D00781CEF /* InfoPlist.strings */ = {
			isa = PBXVariantGroup;
			children = (
				5657DE44164B120D00781CEF /* en */,
			);
			name = InfoPlist.strings;
			sourceTree = "<group>";
		};
/* End PBXVariantGroup section */

/* Begin XCBuildConfiguration section */
		5657DE4C164B120D00781CEF /* Debug */ = {
			isa = XCBuildConfiguration;
			buildSettings = {
				ALWAYS_SEARCH_USER_PATHS = NO;
				ARCHS = "$(ARCHS_STANDARD_32_BIT)";
				CLANG_CXX_LANGUAGE_STANDARD = "gnu++0x";
				CLANG_ENABLE_OBJC_ARC = YES;
				CLANG_WARN__DUPLICATE_METHOD_MATCH = YES;
				"CODE_SIGN_IDENTITY[sdk=iphoneos*]" = "iPhone Developer";
				COPY_PHASE_STRIP = NO;
				GCC_C_LANGUAGE_STANDARD = gnu99;
				GCC_DYNAMIC_NO_PIC = NO;
				GCC_OPTIMIZATION_LEVEL = 0;
				GCC_PREPROCESSOR_DEFINITIONS = (
					"DEBUG=1",
					"$(inherited)",
				);
				GCC_SYMBOLS_PRIVATE_EXTERN = NO;
				GCC_VERSION = com.apple.compilers.llvm.clang.1_0;
				GCC_WARN_ABOUT_RETURN_TYPE = YES;
				GCC_WARN_UNINITIALIZED_AUTOS = YES;
				GCC_WARN_UNUSED_VARIABLE = YES;
				IPHONEOS_DEPLOYMENT_TARGET = 5.1;
				SDKROOT = iphoneos;
			};
			name = Debug;
		};
		5657DE4D164B120D00781CEF /* Release */ = {
			isa = XCBuildConfiguration;
			buildSettings = {
				ALWAYS_SEARCH_USER_PATHS = NO;
				ARCHS = "$(ARCHS_STANDARD_32_BIT)";
				CLANG_CXX_LANGUAGE_STANDARD = "gnu++0x";
				CLANG_ENABLE_OBJC_ARC = YES;
				CLANG_WARN__DUPLICATE_METHOD_MATCH = YES;
				"CODE_SIGN_IDENTITY[sdk=iphoneos*]" = "iPhone Developer";
				COPY_PHASE_STRIP = YES;
				GCC_C_LANGUAGE_STANDARD = gnu99;
				GCC_VERSION = com.apple.compilers.llvm.clang.1_0;
				GCC_WARN_ABOUT_RETURN_TYPE = YES;
				GCC_WARN_UNINITIALIZED_AUTOS = YES;
				GCC_WARN_UNUSED_VARIABLE = YES;
				IPHONEOS_DEPLOYMENT_TARGET = 5.1;
				OTHER_CFLAGS = "-DNS_BLOCK_ASSERTIONS=1";
				SDKROOT = iphoneos;
				VALIDATE_PRODUCT = YES;
			};
			name = Release;
		};
		5657DE4F164B120D00781CEF /* Debug */ = {
			isa = XCBuildConfiguration;
			buildSettings = {
				GCC_PRECOMPILE_PREFIX_HEADER = YES;
				GCC_PREFIX_HEADER = "RoadTrip/RoadTrip-Prefix.pch";
				INFOPLIST_FILE = "RoadTrip/RoadTrip-Info.plist";
				PRODUCT_NAME = "$(TARGET_NAME)";
				WRAPPER_EXTENSION = app;
			};
			name = Debug;
		};
		5657DE50164B120D00781CEF /* Release */ = {
			isa = XCBuildConfiguration;
			buildSettings = {
				GCC_PRECOMPILE_PREFIX_HEADER = YES;
				GCC_PREFIX_HEADER = "RoadTrip/RoadTrip-Prefix.pch";
				INFOPLIST_FILE = "RoadTrip/RoadTrip-Info.plist";
				PRODUCT_NAME = "$(TARGET_NAME)";
				WRAPPER_EXTENSION = app;
			};
			name = Release;
		};
/* End XCBuildConfiguration section */

/* Begin XCConfigurationList section */
		5657DE30164B120D00781CEF /* Build configuration list for PBXProject "RoadTrip" */ = {
			isa = XCConfigurationList;
			buildConfigurations = (
				5657DE4C164B120D00781CEF /* Debug */,
				5657DE4D164B120D00781CEF /* Release */,
			);
			defaultConfigurationIsVisible = 0;
			defaultConfigurationName = Release;
		};
		5657DE4E164B120D00781CEF /* Build configuration list for PBXNativeTarget "RoadTrip" */ = {
			isa = XCConfigurationList;
			buildConfigurations = (
				5657DE4F164B120D00781CEF /* Debug */,
				5657DE50164B120D00781CEF /* Release */,
			);
			defaultConfigurationIsVisible = 0;
		};
/* End XCConfigurationList section */
	};
	rootObject = 5657DE2D164B120D00781CEF /* Project object */;
}
